// !$*UTF8*$!
{
	archiveVersion = 1;
	classes = {
	};
	objectVersion = 46;
	objects = {

/* Begin PBXBuildFile section */
		322BBB8F13E17B7E00DDB163 /* AppController.m in Sources */ = {isa = PBXBuildFile; fileRef = 322BBB8D13E17B7E00DDB163 /* AppController.m */; };
		324A2E2413E0EF38001496FF /* Cocoa.framework in Frameworks */ = {isa = PBXBuildFile; fileRef = 324A2E2313E0EF38001496FF /* Cocoa.framework */; };
		324A2E2E13E0EF38001496FF /* InfoPlist.strings in Resources */ = {isa = PBXBuildFile; fileRef = 324A2E2C13E0EF38001496FF /* InfoPlist.strings */; };
		324A2E3013E0EF38001496FF /* main.m in Sources */ = {isa = PBXBuildFile; fileRef = 324A2E2F13E0EF38001496FF /* main.m */; };
		324A2E3713E0EF38001496FF /* SubWatchAppDelegate.m in Sources */ = {isa = PBXBuildFile; fileRef = 324A2E3613E0EF38001496FF /* SubWatchAppDelegate.m */; };
		324A2E3A13E0EF38001496FF /* MainMenu.xib in Resources */ = {isa = PBXBuildFile; fileRef = 324A2E3813E0EF38001496FF /* MainMenu.xib */; };
/* End PBXBuildFile section */

/* Begin PBXFileReference section */
		322BBB8D13E17B7E00DDB163 /* AppController.m */ = {isa = PBXFileReference; fileEncoding = 4; lastKnownFileType = sourcecode.c.objc; path = AppController.m; sourceTree = "<group>"; };
		322BBB8E13E17B7E00DDB163 /* AppController.h */ = {isa = PBXFileReference; fileEncoding = 4; lastKnownFileType = sourcecode.c.h; path = AppController.h; sourceTree = "<group>"; };
		324A2E1F13E0EF38001496FF /* SubWatch.app */ = {isa = PBXFileReference; explicitFileType = wrapper.application; includeInIndex = 0; path = SubWatch.app; sourceTree = BUILT_PRODUCTS_DIR; };
		324A2E2313E0EF38001496FF /* Cocoa.framework */ = {isa = PBXFileReference; lastKnownFileType = wrapper.framework; name = Cocoa.framework; path = System/Library/Frameworks/Cocoa.framework; sourceTree = SDKROOT; };
		324A2E2613E0EF38001496FF /* AppKit.framework */ = {isa = PBXFileReference; lastKnownFileType = wrapper.framework; name = AppKit.framework; path = System/Library/Frameworks/AppKit.framework; sourceTree = SDKROOT; };
		324A2E2713E0EF38001496FF /* CoreData.framework */ = {isa = PBXFileReference; lastKnownFileType = wrapper.framework; name = CoreData.framework; path = System/Library/Frameworks/CoreData.framework; sourceTree = SDKROOT; };
		324A2E2813E0EF38001496FF /* Foundation.framework */ = {isa = PBXFileReference; lastKnownFileType = wrapper.framework; name = Foundation.framework; path = System/Library/Frameworks/Foundation.framework; sourceTree = SDKROOT; };
		324A2E2B13E0EF38001496FF /* SubWatch-Info.plist */ = {isa = PBXFileReference; lastKnownFileType = text.plist.xml; path = "SubWatch-Info.plist"; sourceTree = "<group>"; };
		324A2E2D13E0EF38001496FF /* en */ = {isa = PBXFileReference; lastKnownFileType = text.plist.strings; name = en; path = en.lproj/InfoPlist.strings; sourceTree = "<group>"; };
		324A2E2F13E0EF38001496FF /* main.m */ = {isa = PBXFileReference; lastKnownFileType = sourcecode.c.objc; path = main.m; sourceTree = "<group>"; };
		324A2E3113E0EF38001496FF /* SubWatch-Prefix.pch */ = {isa = PBXFileReference; lastKnownFileType = sourcecode.c.h; path = "SubWatch-Prefix.pch"; sourceTree = "<group>"; };
		324A2E3513E0EF38001496FF /* SubWatchAppDelegate.h */ = {isa = PBXFileReference; lastKnownFileType = sourcecode.c.h; path = SubWatchAppDelegate.h; sourceTree = "<group>"; };
		324A2E3613E0EF38001496FF /* SubWatchAppDelegate.m */ = {isa = PBXFileReference; lastKnownFileType = sourcecode.c.objc; path = SubWatchAppDelegate.m; sourceTree = "<group>"; };
		324A2E3913E0EF38001496FF /* en */ = {isa = PBXFileReference; lastKnownFileType = file.xib; name = en; path = en.lproj/MainMenu.xib; sourceTree = "<group>"; };
/* End PBXFileReference section */

/* Begin PBXFrameworksBuildPhase section */
		324A2E1C13E0EF38001496FF /* Frameworks */ = {
			isa = PBXFrameworksBuildPhase;
			buildActionMask = 2147483647;
			files = (
				324A2E2413E0EF38001496FF /* Cocoa.framework in Frameworks */,
			);
			runOnlyForDeploymentPostprocessing = 0;
		};
/* End PBXFrameworksBuildPhase section */

/* Begin PBXGroup section */
		324A2E1413E0EF38001496FF = {
			isa = PBXGroup;
			children = (
				324A2E2913E0EF38001496FF /* SubWatch */,
				324A2E2213E0EF38001496FF /* Frameworks */,
				324A2E2013E0EF38001496FF /* Products */,
			);
			sourceTree = "<group>";
		};
		324A2E2013E0EF38001496FF /* Products */ = {
			isa = PBXGroup;
			children = (
				324A2E1F13E0EF38001496FF /* SubWatch.app */,
			);
			name = Products;
			sourceTree = "<group>";
		};
		324A2E2213E0EF38001496FF /* Frameworks */ = {
			isa = PBXGroup;
			children = (
				324A2E2313E0EF38001496FF /* Cocoa.framework */,
				324A2E2513E0EF38001496FF /* Other Frameworks */,
			);
			name = Frameworks;
			sourceTree = "<group>";
		};
		324A2E2513E0EF38001496FF /* Other Frameworks */ = {
			isa = PBXGroup;
			children = (
				324A2E2613E0EF38001496FF /* AppKit.framework */,
				324A2E2713E0EF38001496FF /* CoreData.framework */,
				324A2E2813E0EF38001496FF /* Foundation.framework */,
			);
			name = "Other Frameworks";
			sourceTree = "<group>";
		};
		324A2E2913E0EF38001496FF /* SubWatch */ = {
			isa = PBXGroup;
			children = (
				322BBB8E13E17B7E00DDB163 /* AppController.h */,
				322BBB8D13E17B7E00DDB163 /* AppController.m */,
				324A2E3513E0EF38001496FF /* SubWatchAppDelegate.h */,
				324A2E3613E0EF38001496FF /* SubWatchAppDelegate.m */,
				324A2E3813E0EF38001496FF /* MainMenu.xib */,
				324A2E2A13E0EF38001496FF /* Supporting Files */,
			);
			path = SubWatch;
			sourceTree = "<group>";
		};
		324A2E2A13E0EF38001496FF /* Supporting Files */ = {
			isa = PBXGroup;
			children = (
				324A2E2B13E0EF38001496FF /* SubWatch-Info.plist */,
				324A2E2C13E0EF38001496FF /* InfoPlist.strings */,
				324A2E2F13E0EF38001496FF /* main.m */,
				324A2E3113E0EF38001496FF /* SubWatch-Prefix.pch */,
			);
			name = "Supporting Files";
			sourceTree = "<group>";
		};
/* End PBXGroup section */

/* Begin PBXNativeTarget section */
		324A2E1E13E0EF38001496FF /* SubWatch */ = {
			isa = PBXNativeTarget;
			buildConfigurationList = 324A2E3D13E0EF38001496FF /* Build configuration list for PBXNativeTarget "SubWatch" */;
			buildPhases = (
				324A2E1B13E0EF38001496FF /* Sources */,
				324A2E1C13E0EF38001496FF /* Frameworks */,
				324A2E1D13E0EF38001496FF /* Resources */,
			);
			buildRules = (
			);
			dependencies = (
			);
			name = SubWatch;
			productName = SubWatch;
			productReference = 324A2E1F13E0EF38001496FF /* SubWatch.app */;
			productType = "com.apple.product-type.application";
		};
/* End PBXNativeTarget section */

/* Begin PBXProject section */
		324A2E1613E0EF38001496FF /* Project object */ = {
			isa = PBXProject;
			attributes = {
				LastUpgradeCheck = 0420;
				ORGANIZATIONNAME = "ラクラクテクノロジーズ";
			};
			buildConfigurationList = 324A2E1913E0EF38001496FF /* Build configuration list for PBXProject "SubWatch" */;
			compatibilityVersion = "Xcode 3.2";
			developmentRegion = English;
			hasScannedForEncodings = 0;
			knownRegions = (
				en,
			);
			mainGroup = 324A2E1413E0EF38001496FF;
			productRefGroup = 324A2E2013E0EF38001496FF /* Products */;
			projectDirPath = "";
			projectRoot = "";
			targets = (
				324A2E1E13E0EF38001496FF /* SubWatch */,
			);
		};
/* End PBXProject section */

/* Begin PBXResourcesBuildPhase section */
		324A2E1D13E0EF38001496FF /* Resources */ = {
			isa = PBXResourcesBuildPhase;
			buildActionMask = 2147483647;
			files = (
				324A2E2E13E0EF38001496FF /* InfoPlist.strings in Resources */,
				324A2E3A13E0EF38001496FF /* MainMenu.xib in Resources */,
			);
			runOnlyForDeploymentPostprocessing = 0;
		};
/* End PBXResourcesBuildPhase section */

/* Begin PBXSourcesBuildPhase section */
		324A2E1B13E0EF38001496FF /* Sources */ = {
			isa = PBXSourcesBuildPhase;
			buildActionMask = 2147483647;
			files = (
				324A2E3013E0EF38001496FF /* main.m in Sources */,
				324A2E3713E0EF38001496FF /* SubWatchAppDelegate.m in Sources */,
				322BBB8F13E17B7E00DDB163 /* AppController.m in Sources */,
			);
			runOnlyForDeploymentPostprocessing = 0;
		};
/* End PBXSourcesBuildPhase section */

/* Begin PBXVariantGroup section */
		324A2E2C13E0EF38001496FF /* InfoPlist.strings */ = {
			isa = PBXVariantGroup;
			children = (
				324A2E2D13E0EF38001496FF /* en */,
			);
			name = InfoPlist.strings;
			sourceTree = "<group>";
		};
		324A2E3813E0EF38001496FF /* MainMenu.xib */ = {
			isa = PBXVariantGroup;
			children = (
				324A2E3913E0EF38001496FF /* en */,
			);
			name = MainMenu.xib;
			sourceTree = "<group>";
		};
/* End PBXVariantGroup section */

/* Begin XCBuildConfiguration section */
		324A2E3B13E0EF38001496FF /* Debug */ = {
			isa = XCBuildConfiguration;
			buildSettings = {
				ALWAYS_SEARCH_USER_PATHS = NO;
				ARCHS = "$(ARCHS_STANDARD_32_64_BIT)";
				COPY_PHASE_STRIP = NO;
				GCC_C_LANGUAGE_STANDARD = gnu99;
				GCC_DYNAMIC_NO_PIC = NO;
				GCC_ENABLE_OBJC_EXCEPTIONS = YES;
				GCC_OPTIMIZATION_LEVEL = 0;
				GCC_PREPROCESSOR_DEFINITIONS = (
					"DEBUG=1",
					"$(inherited)",
				);
				GCC_SYMBOLS_PRIVATE_EXTERN = NO;
				GCC_VERSION = com.apple.compilers.llvm.clang.1_0;
				GCC_WARN_64_TO_32_BIT_CONVERSION = YES;
				GCC_WARN_ABOUT_MISSING_PROTOTYPES = YES;
				GCC_WARN_ABOUT_RETURN_TYPE = YES;
				GCC_WARN_UNUSED_VARIABLE = YES;
				MACOSX_DEPLOYMENT_TARGET = 10.6;
				ONLY_ACTIVE_ARCH = YES;
				SDKROOT = macosx;
			};
			name = Debug;
		};
		324A2E3C13E0EF38001496FF /* Release */ = {
			isa = XCBuildConfiguration;
			buildSettings = {
				ALWAYS_SEARCH_USER_PATHS = NO;
				ARCHS = "$(ARCHS_STANDARD_32_64_BIT)";
				COPY_PHASE_STRIP = YES;
				DEBUG_INFORMATION_FORMAT = "dwarf-with-dsym";
				GCC_C_LANGUAGE_STANDARD = gnu99;
				GCC_ENABLE_OBJC_EXCEPTIONS = YES;
				GCC_VERSION = com.apple.compilers.llvm.clang.1_0;
				GCC_WARN_64_TO_32_BIT_CONVERSION = YES;
				GCC_WARN_ABOUT_MISSING_PROTOTYPES = YES;
				GCC_WARN_ABOUT_RETURN_TYPE = YES;
				GCC_WARN_UNUSED_VARIABLE = YES;
				MACOSX_DEPLOYMENT_TARGET = 10.6;
				SDKROOT = macosx;
			};
			name = Release;
		};
		324A2E3E13E0EF38001496FF /* Debug */ = {
			isa = XCBuildConfiguration;
			buildSettings = {
				CLANG_WARN_OBJCPP_ARC_ABI = YES;
				CURRENT_PROJECT_VERSION = 1;
				GCC_ENABLE_OBJC_GC = supported;
				GCC_PRECOMPILE_PREFIX_HEADER = YES;
				GCC_PREFIX_HEADER = "SubWatch/SubWatch-Prefix.pch";
				INFOPLIST_FILE = "SubWatch/SubWatch-Info.plist";
				MACOSX_DEPLOYMENT_TARGET = 10.6;
				PRODUCT_NAME = "$(TARGET_NAME)";
				VERSIONING_SYSTEM = "apple-generic";
				WRAPPER_EXTENSION = app;
			};
			name = Debug;
		};
		324A2E3F13E0EF38001496FF /* Release */ = {
			isa = XCBuildConfiguration;
			buildSettings = {
				CLANG_WARN_OBJCPP_ARC_ABI = YES;
				CURRENT_PROJECT_VERSION = 1;
				GCC_ENABLE_OBJC_GC = supported;
				GCC_PRECOMPILE_PREFIX_HEADER = YES;
				GCC_PREFIX_HEADER = "SubWatch/SubWatch-Prefix.pch";
				INFOPLIST_FILE = "SubWatch/SubWatch-Info.plist";
				MACOSX_DEPLOYMENT_TARGET = 10.6;
				PRODUCT_NAME = "$(TARGET_NAME)";
				VERSIONING_SYSTEM = "apple-generic";
				WRAPPER_EXTENSION = app;
			};
			name = Release;
		};
/* End XCBuildConfiguration section */

/* Begin XCConfigurationList section */
		324A2E1913E0EF38001496FF /* Build configuration list for PBXProject "SubWatch" */ = {
			isa = XCConfigurationList;
			buildConfigurations = (
				324A2E3B13E0EF38001496FF /* Debug */,
				324A2E3C13E0EF38001496FF /* Release */,
			);
			defaultConfigurationIsVisible = 0;
			defaultConfigurationName = Release;
		};
		324A2E3D13E0EF38001496FF /* Build configuration list for PBXNativeTarget "SubWatch" */ = {
			isa = XCConfigurationList;
			buildConfigurations = (
				324A2E3E13E0EF38001496FF /* Debug */,
				324A2E3F13E0EF38001496FF /* Release */,
			);
			defaultConfigurationIsVisible = 0;
			defaultConfigurationName = Release;
		};
/* End XCConfigurationList section */
	};
	rootObject = 324A2E1613E0EF38001496FF /* Project object */;
}
